
Microsoft Visual Studio Solution File, Format Version 12.00
# Visual Studio Version 16
VisualStudioVersion = 16.0.30114.105
MinimumVisualStudioVersion = 10.0.40219.1
Project("{FAE04EC0-301F-11D3-BF4B-00C04F79EFBC}") = "Mattermost.Bot", "Mattermost.Bot\Mattermost.Bot.csproj", "{4A443418-6715-4706-8BD0-2A04E95A4916}"
EndProject
Project("{FAE04EC0-301F-11D3-BF4B-00C04F79EFBC}") = "Mattermost.Bot.Tests", "Mattermost.Bot.Tests\Mattermost.Bot.Tests.csproj", "{D56174F8-659F-40BB-8F4E-318835D6C876}"
EndProject
Global
	GlobalSection(SolutionConfigurationPlatforms) = preSolution
		Debug|Any CPU = Debug|Any CPU
		Release|Any CPU = Release|Any CPU
	EndGlobalSection
	GlobalSection(SolutionProperties) = preSolution
		HideSolutionNode = FALSE
	EndGlobalSection
	GlobalSection(ProjectConfigurationPlatforms) = postSolution
		{4A443418-6715-4706-8BD0-2A04E95A4916}.Debug|Any CPU.ActiveCfg = Debug|Any CPU
		{4A443418-6715-4706-8BD0-2A04E95A4916}.Debug|Any CPU.Build.0 = Debug|Any CPU
		{4A443418-6715-4706-8BD0-2A04E95A4916}.Release|Any CPU.ActiveCfg = Release|Any CPU
		{4A443418-6715-4706-8BD0-2A04E95A4916}.Release|Any CPU.Build.0 = Release|Any CPU
		{D56174F8-659F-40BB-8F4E-318835D6C876}.Debug|Any CPU.ActiveCfg = Debug|Any CPU
		{D56174F8-659F-40BB-8F4E-318835D6C876}.Debug|Any CPU.Build.0 = Debug|Any CPU
		{D56174F8-659F-40BB-8F4E-318835D6C876}.Release|Any CPU.ActiveCfg = Release|Any CPU
		{D56174F8-659F-40BB-8F4E-318835D6C876}.Release|Any CPU.Build.0 = Release|Any CPU
	EndGlobalSection
EndGlobal
